<?xml version="1.0" encoding="utf-8"?>
<Project ToolsVersion="4.0" xmlns="http://schemas.microsoft.com/developer/msbuild/2003">
  <ItemGroup>
    <Filter Include="소스 파일">
      <UniqueIdentifier>{4FC737F1-C7A5-4376-A066-2A32D752A2FF}</UniqueIdentifier>
      <Extensions>cpp;c;cc;cxx;def;odl;idl;hpj;bat;asm;asmx</Extensions>
    </Filter>
    <Filter Include="헤더 파일">
      <UniqueIdentifier>{93995380-89BD-4b04-88EB-625FBE52EBFB}</UniqueIdentifier>
      <Extensions>h;hh;hpp;hxx;hm;inl;inc;ipp;xsd</Extensions>
    </Filter>
    <Filter Include="리소스 파일">
      <UniqueIdentifier>{67DA6AB6-F800-4c08-8B7A-83BB121AAD01}</UniqueIdentifier>
      <Extensions>rc;ico;cur;bmp;dlg;rc2;rct;bin;rgs;gif;jpg;jpeg;jpe;resx;tiff;tif;png;wav;mfcribbon-ms</Extensions>
    </Filter>
  </ItemGroup>
  <ItemGroup>
    <ClCompile Include="leetcode-cpp.cpp">
      <Filter>소스 파일</Filter>
    </ClCompile>
    <ClCompile Include="Node.cpp">
      <Filter>소스 파일</Filter>
    </ClCompile>
    <ClCompile Include="2021\0502\02\leet050202.cpp">
      <Filter>소스 파일</Filter>
    </ClCompile>
    <ClCompile Include="2021\0502\05\leet050205.cpp">
      <Filter>소스 파일</Filter>
    </ClCompile>
    <ClCompile Include="2021\0504\05\leet050405.cpp">
      <Filter>소스 파일</Filter>
    </ClCompile>
    <ClCompile Include="2021\0504\07\leet050407.cpp">
      <Filter>소스 파일</Filter>
    </ClCompile>
    <ClCompile Include="2021\0504\08\leet050408.cpp">
      <Filter>소스 파일</Filter>
    </ClCompile>
    <ClCompile Include="2021\0505\01\leet050501.cpp">
      <Filter>소스 파일</Filter>
    </ClCompile>
    <ClCompile Include="2021\0601\02\leet060102.cpp">
      <Filter>소스 파일</Filter>
    </ClCompile>
    <ClCompile Include="2021\0601\03\leet060103.cpp">
      <Filter>소스 파일</Filter>
    </ClCompile>
    <ClCompile Include="2021\0601\04\leet060104.cpp">
      <Filter>소스 파일</Filter>
    </ClCompile>
    <ClCompile Include="2021\0601\07\leet060107.cpp">
      <Filter>소스 파일</Filter>
    </ClCompile>
    <ClCompile Include="2021\0601\08\leet060108.cpp">
      <Filter>소스 파일</Filter>
    </ClCompile>
    <ClCompile Include="2021\0602\02\leet060202.cpp">
      <Filter>소스 파일</Filter>
    </ClCompile>
    <ClCompile Include="2021\0602\03\leet060203.cpp">
      <Filter>소스 파일</Filter>
    </ClCompile>
    <ClCompile Include="2021\0602\04\leet060204.cpp">
      <Filter>소스 파일</Filter>
    </ClCompile>
    <ClCompile Include="2021\0602\05\leet060205.cpp">
      <Filter>소스 파일</Filter>
    </ClCompile>
    <ClCompile Include="2021\0602\06\leet060206.cpp">
      <Filter>소스 파일</Filter>
    </ClCompile>
    <ClCompile Include="2021\0603\02\leet060302.cpp">
      <Filter>소스 파일</Filter>
    </ClCompile>
    <ClCompile Include="2021\0603\03\leet060303.cpp">
      <Filter>소스 파일</Filter>
    </ClCompile>
    <ClCompile Include="2021\0603\05\leet060305.cpp">
      <Filter>소스 파일</Filter>
    </ClCompile>
    <ClCompile Include="2021\0603\06\leet060306.cpp">
      <Filter>소스 파일</Filter>
    </ClCompile>
    <ClCompile Include="2021\0604\02\leet060402.cpp">
      <Filter>소스 파일</Filter>
    </ClCompile>
    <ClCompile Include="2021\0604\03\leet060403.cpp">
      <Filter>소스 파일</Filter>
    </ClCompile>
    <ClCompile Include="2021\0604\04\leet060404.cpp">
      <Filter>소스 파일</Filter>
    </ClCompile>
    <ClCompile Include="2021\0604\05\leet060405.cpp">
      <Filter>소스 파일</Filter>
    </ClCompile>
    <ClCompile Include="2021\0604\06\leet060406.cpp">
      <Filter>소스 파일</Filter>
    </ClCompile>
    <ClCompile Include="2021\0604\08\leet060408.cpp">
      <Filter>소스 파일</Filter>
    </ClCompile>
    <ClCompile Include="2021\0701\04\leet070104.cpp">
      <Filter>소스 파일</Filter>
    </ClCompile>
    <ClCompile Include="2021\0701\05\leet070105.cpp">
      <Filter>소스 파일</Filter>
    </ClCompile>
    <ClCompile Include="2021\0702\06\leet070206.cpp">
      <Filter>소스 파일</Filter>
    </ClCompile>
    <ClCompile Include="2021\0703\02\leet070302.cpp">
      <Filter>소스 파일</Filter>
    </ClCompile>
    <ClCompile Include="2021\0703\03\leet070303.cpp">
      <Filter>소스 파일</Filter>
    </ClCompile>
    <ClCompile Include="2021\0703\04\leet070304.cpp">
      <Filter>소스 파일</Filter>
    </ClCompile>
    <ClCompile Include="2021\0703\05\leet070305.cpp">
      <Filter>소스 파일</Filter>
    </ClCompile>
    <ClCompile Include="2021\0703\08\leet070308.cpp">
      <Filter>소스 파일</Filter>
    </ClCompile>
    <ClCompile Include="2021\0704\06\leet070406.cpp">
      <Filter>소스 파일</Filter>
    </ClCompile>
    <ClCompile Include="2021\0704\07\leet070407.cpp">
      <Filter>소스 파일</Filter>
    </ClCompile>
    <ClCompile Include="2021\0801\04\leet080105.cpp">
      <Filter>소스 파일</Filter>
    </ClCompile>
    <ClCompile Include="2021\0801\06\leet080106.cpp">
      <Filter>소스 파일</Filter>
    </ClCompile>
    <ClCompile Include="2021\0801\07\leet080107.cpp">
      <Filter>소스 파일</Filter>
    </ClCompile>
    <ClCompile Include="2021\0802\02\leet080202.cpp">
      <Filter>소스 파일</Filter>
    </ClCompile>
    <ClCompile Include="2021\0802\04\leet080204.cpp">
      <Filter>소스 파일</Filter>
    </ClCompile>
    <ClCompile Include="2021\0802\06\leet080206.cpp">
      <Filter>소스 파일</Filter>
    </ClCompile>
    <ClCompile Include="2021\0803\05\leet080305.cpp">
      <Filter>소스 파일</Filter>
    </ClCompile>
    <ClCompile Include="2021\0803\07\leet080307.cpp">
      <Filter>소스 파일</Filter>
    </ClCompile>
    <ClCompile Include="2021\0804\03\leet080403.cpp">
      <Filter>소스 파일</Filter>
    </ClCompile>
    <ClCompile Include="2021\0804\04\leet080404.cpp">
      <Filter>소스 파일</Filter>
    </ClCompile>
    <ClCompile Include="2021\0804\05\leet080405.cpp">
      <Filter>소스 파일</Filter>
    </ClCompile>
    <ClCompile Include="2021\0804\06\leet080406.cpp">
      <Filter>소스 파일</Filter>
    </ClCompile>
    <ClCompile Include="2021\0804\08\leet080408.cpp">
      <Filter>소스 파일</Filter>
    </ClCompile>
    <ClCompile Include="2021\0904\06\leet090406.cpp">
      <Filter>소스 파일</Filter>
    </ClCompile>
    <ClCompile Include="problems\leetpr00002.cpp">
      <Filter>소스 파일</Filter>
    </ClCompile>
    <ClCompile Include="problems\leetpr00005.cpp">
      <Filter>소스 파일</Filter>
    </ClCompile>
    <ClCompile Include="problems\leetpr00007.cpp">
      <Filter>소스 파일</Filter>
    </ClCompile>
    <ClCompile Include="problems\leetpr00011.cpp">
      <Filter>소스 파일</Filter>
    </ClCompile>
    <ClCompile Include="problems\leetpr00012.cpp">
      <Filter>소스 파일</Filter>
    </ClCompile>
    <ClCompile Include="problems\leetpr00015.cpp">
      <Filter>소스 파일</Filter>
    </ClCompile>
    <ClCompile Include="problems\leetpr00025.cpp">
      <Filter>소스 파일</Filter>
    </ClCompile>
    <ClCompile Include="problems\leetpr00030.cpp">
      <Filter>소스 파일</Filter>
    </ClCompile>
    <ClCompile Include="problems\leetpr00033.cpp">
      <Filter>소스 파일</Filter>
    </ClCompile>
    <ClCompile Include="problems\leetpr00034.cpp">
      <Filter>소스 파일</Filter>
    </ClCompile>
    <ClCompile Include="problems\leetpr00074.cpp">
      <Filter>소스 파일</Filter>
    </ClCompile>
    <ClCompile Include="problems\leetpr00082.cpp">
      <Filter>소스 파일</Filter>
    </ClCompile>
    <ClCompile Include="problems\leetpr00113.cpp">
      <Filter>소스 파일</Filter>
    </ClCompile>
    <ClCompile Include="problems\leetpr00153.cpp">
      <Filter>소스 파일</Filter>
    </ClCompile>
    <ClCompile Include="problems\leetpr00162.cpp">
      <Filter>소스 파일</Filter>
    </ClCompile>
    <ClCompile Include="problems\leetpr00560.cpp">
      <Filter>소스 파일</Filter>
    </ClCompile>
    <ClCompile Include="problems\leetpr00844.cpp">
      <Filter>소스 파일</Filter>
    </ClCompile>
    <ClCompile Include="problems\leetpr00986.cpp">
      <Filter>소스 파일</Filter>
    </ClCompile>
  </ItemGroup>
  <ItemGroup>
    <None Include="leetcode-cpp.aps" />
    <None Include=".gitignore" />
  </ItemGroup>
  <ItemGroup>
    <ResourceCompile Include="leetcode-cpp.rc">
      <Filter>리소스 파일</Filter>
    </ResourceCompile>
  </ItemGroup>
  <ItemGroup>
    <ClInclude Include="resource.h">
      <Filter>헤더 파일</Filter>
    </ClInclude>
  </ItemGroup>
</Project>